
Microsoft Visual Studio Solution File, Format Version 12.00
# Visual Studio Version 16
VisualStudioVersion = 16.0.30413.136
MinimumVisualStudioVersion = 10.0.40219.1
Project("{2150E333-8FDC-42A3-9474-1A3956D46DE8}") = "Session 1", "Session 1", "{B7E818A4-2E55-41D7-AF79-9DE5E2F3FF55}"
EndProject
Project("{9A19103F-16F7-4668-BE54-9A1E7A4F7556}") = "Example_1", "Session 1\Example_1\Example_1.csproj", "{EEE6C85D-3D39-43A9-8CF6-CE19C92B4083}"
EndProject
Project("{9A19103F-16F7-4668-BE54-9A1E7A4F7556}") = "Example_2", "Session 1\Example_2\Example_2.csproj", "{64753A1E-A6B3-4FD7-A54E-CA1F08EDC890}"
EndProject
Project("{9A19103F-16F7-4668-BE54-9A1E7A4F7556}") = "Example_3", "Session 1\Example_3\Example_3.csproj", "{71C49F4D-BFC4-4F6F-AB5E-A66D463891B2}"
EndProject
Global
	GlobalSection(SolutionConfigurationPlatforms) = preSolution
		Debug|Any CPU = Debug|Any CPU
		Release|Any CPU = Release|Any CPU
	EndGlobalSection
	GlobalSection(ProjectConfigurationPlatforms) = postSolution
		{EEE6C85D-3D39-43A9-8CF6-CE19C92B4083}.Debug|Any CPU.ActiveCfg = Debug|Any CPU
		{EEE6C85D-3D39-43A9-8CF6-CE19C92B4083}.Debug|Any CPU.Build.0 = Debug|Any CPU
		{EEE6C85D-3D39-43A9-8CF6-CE19C92B4083}.Release|Any CPU.ActiveCfg = Release|Any CPU
		{EEE6C85D-3D39-43A9-8CF6-CE19C92B4083}.Release|Any CPU.Build.0 = Release|Any CPU
		{64753A1E-A6B3-4FD7-A54E-CA1F08EDC890}.Debug|Any CPU.ActiveCfg = Debug|Any CPU
		{64753A1E-A6B3-4FD7-A54E-CA1F08EDC890}.Debug|Any CPU.Build.0 = Debug|Any CPU
		{64753A1E-A6B3-4FD7-A54E-CA1F08EDC890}.Release|Any CPU.ActiveCfg = Release|Any CPU
		{64753A1E-A6B3-4FD7-A54E-CA1F08EDC890}.Release|Any CPU.Build.0 = Release|Any CPU
		{71C49F4D-BFC4-4F6F-AB5E-A66D463891B2}.Debug|Any CPU.ActiveCfg = Debug|Any CPU
		{71C49F4D-BFC4-4F6F-AB5E-A66D463891B2}.Debug|Any CPU.Build.0 = Debug|Any CPU
		{71C49F4D-BFC4-4F6F-AB5E-A66D463891B2}.Release|Any CPU.ActiveCfg = Release|Any CPU
		{71C49F4D-BFC4-4F6F-AB5E-A66D463891B2}.Release|Any CPU.Build.0 = Release|Any CPU
	EndGlobalSection
	GlobalSection(SolutionProperties) = preSolution
		HideSolutionNode = FALSE
	EndGlobalSection
	GlobalSection(NestedProjects) = preSolution
		{EEE6C85D-3D39-43A9-8CF6-CE19C92B4083} = {B7E818A4-2E55-41D7-AF79-9DE5E2F3FF55}
		{64753A1E-A6B3-4FD7-A54E-CA1F08EDC890} = {B7E818A4-2E55-41D7-AF79-9DE5E2F3FF55}
		{71C49F4D-BFC4-4F6F-AB5E-A66D463891B2} = {B7E818A4-2E55-41D7-AF79-9DE5E2F3FF55}
	EndGlobalSection
	GlobalSection(ExtensibilityGlobals) = postSolution
		SolutionGuid = {C7BCB50A-43F3-49BB-ADE5-1903125E09D7}
	EndGlobalSection
EndGlobal
